<?xml version="1.0" encoding="utf-8"?>
<Project ToolsVersion="4.0" xmlns="http://schemas.microsoft.com/developer/msbuild/2003">
  <ItemGroup>
    <Filter Include="Source Files">
      <UniqueIdentifier>{4FC737F1-C7A5-4376-A066-2A32D752A2FF}</UniqueIdentifier>
      <Extensions>cpp;c;cc;cxx;c++;cppm;ixx;def;odl;idl;hpj;bat;asm;asmx</Extensions>
    </Filter>
    <Filter Include="Header Files">
      <UniqueIdentifier>{93995380-89BD-4b04-88EB-625FBE52EBFB}</UniqueIdentifier>
      <Extensions>h;hh;hpp;hxx;h++;hm;inl;inc;ipp;xsd</Extensions>
    </Filter>
    <Filter Include="Resource Files">
      <UniqueIdentifier>{67DA6AB6-F800-4c08-8B7A-83BB121AAD01}</UniqueIdentifier>
      <Extensions>rc;ico;cur;bmp;dlg;rc2;rct;bin;rgs;gif;jpg;jpeg;jpe;resx;tiff;tif;png;wav;mfcribbon-ms</Extensions>
    </Filter>
    <Filter Include="Header Files\Memory">
      <UniqueIdentifier>{76030d74-4273-43c4-a5e9-834688c3b987}</UniqueIdentifier>
    </Filter>
    <Filter Include="Header Files\Utilities">
      <UniqueIdentifier>{f3cc79af-6ead-49bb-9a28-32db4ad42580}</UniqueIdentifier>
    </Filter>
    <Filter Include="Header Files\Matrix">
      <UniqueIdentifier>{7cf6ae51-8399-4949-8c05-5911547e5498}</UniqueIdentifier>
    </Filter>
    <Filter Include="Header Files\Vector">
      <UniqueIdentifier>{95a52926-4ee4-47d7-94d0-8c02fef8e834}</UniqueIdentifier>
    </Filter>
  </ItemGroup>
  <ItemGroup>
    <ClCompile Include="src\Main.cpp">
      <Filter>Source Files</Filter>
    </ClCompile>
    <ClCompile Include="src\PruebaCVector2.cpp">
      <Filter>Source Files</Filter>
    </ClCompile>
    <ClCompile Include="src\PruebaCVector3.cpp">
      <Filter>Source Files</Filter>
    </ClCompile>
    <ClCompile Include="src\PruebaCvector4.cpp">
      <Filter>Source Files</Filter>
    </ClCompile>
    <ClCompile Include="src\PruebaMatrix2x2.cpp">
      <Filter>Source Files</Filter>
    </ClCompile>
    <ClCompile Include="src\PruebaMAtrix3x3.cpp">
      <Filter>Source Files</Filter>
    </ClCompile>
    <ClCompile Include="src\PruebaMatrix4x4.cpp">
      <Filter>Source Files</Filter>
    </ClCompile>
    <ClCompile Include="src\PruebaCQuaternion.cpp">
      <Filter>Source Files</Filter>
    </ClCompile>
  </ItemGroup>
  <ItemGroup>
    <ClInclude Include="Include\Memory\TSharedPointer.h">
      <Filter>Header Files\Memory</Filter>
    </ClInclude>
    <ClInclude Include="Include\Memory\TStaticPtr.h">
      <Filter>Header Files\Memory</Filter>
    </ClInclude>
    <ClInclude Include="Include\Memory\TUniquePtr.h">
      <Filter>Header Files\Memory</Filter>
    </ClInclude>
    <ClInclude Include="Include\Memory\TWeakPointer.h">
      <Filter>Header Files\Memory</Filter>
    </ClInclude>
    <ClInclude Include="Include\Utilities\EngineMath.h">
      <Filter>Header Files\Utilities</Filter>
    </ClInclude>
    <ClInclude Include="Include\Vector\CVector2.h">
      <Filter>Header Files\Vector</Filter>
    </ClInclude>
    <ClInclude Include="Include\Vector\CVector3.h">
      <Filter>Header Files\Vector</Filter>
    </ClInclude>
    <ClInclude Include="Include\Vector\CVector4.h">
      <Filter>Header Files\Vector</Filter>
    </ClInclude>
    <ClInclude Include="Include\Vector\CQuaternion.h">
      <Filter>Header Files\Vector</Filter>
    </ClInclude>
    <ClInclude Include="Include\Matrix\Matrix2x2.h">
      <Filter>Header Files\Matrix</Filter>
    </ClInclude>
    <ClInclude Include="Include\Matrix\Matrix3x3.h">
      <Filter>Header Files\Matrix</Filter>
    </ClInclude>
    <ClInclude Include="Include\Matrix\Matrix4x4.h">
      <Filter>Header Files\Matrix</Filter>
    </ClInclude>
  </ItemGroup>
</Project>